// !$*UTF8*$!
{
	archiveVersion = 1;
	classes = {
	};
	objectVersion = 50;
	objects = {

/* Begin PBXBuildFile section */
		391A3F1E26BB315700CE0D27 /* Session.swift in Sources */ = {isa = PBXBuildFile; fileRef = 391A3F1D26BB315700CE0D27 /* Session.swift */; };
		391A3F2026BB388900CE0D27 /* SessionUIViewController.swift in Sources */ = {isa = PBXBuildFile; fileRef = 391A3F1F26BB388900CE0D27 /* SessionUIViewController.swift */; };
		D5239F41268A679A00B73CFA /* User.swift in Sources */ = {isa = PBXBuildFile; fileRef = D5239F40268A679A00B73CFA /* User.swift */; };
		D5239F43268A68DE00B73CFA /* Group.swift in Sources */ = {isa = PBXBuildFile; fileRef = D5239F42268A68DE00B73CFA /* Group.swift */; };
		D5239F45268A69C600B73CFA /* MainTabBarController.swift in Sources */ = {isa = PBXBuildFile; fileRef = D5239F44268A69C600B73CFA /* MainTabBarController.swift */; };
		D5239F49268A7B0600B73CFA /* PhotoController.swift in Sources */ = {isa = PBXBuildFile; fileRef = D5239F48268A7B0600B73CFA /* PhotoController.swift */; };
		D5239F4C268A7B5B00B73CFA /* PhotoCell.swift in Sources */ = {isa = PBXBuildFile; fileRef = D5239F4A268A7B5B00B73CFA /* PhotoCell.swift */; };
		D5239F4D268A7B5B00B73CFA /* PhotoCell.xib in Resources */ = {isa = PBXBuildFile; fileRef = D5239F4B268A7B5B00B73CFA /* PhotoCell.xib */; };
		D5239F4F268E5A6300B73CFA /* GroupController.swift in Sources */ = {isa = PBXBuildFile; fileRef = D5239F4E268E5A6300B73CFA /* GroupController.swift */; };
		D5239F51268E5E7800B73CFA /* MyGroupsController.swift in Sources */ = {isa = PBXBuildFile; fileRef = D5239F50268E5E7800B73CFA /* MyGroupsController.swift */; };
		D5239F972696663600B73CFA /* NewsController.swift in Sources */ = {isa = PBXBuildFile; fileRef = D5239F962696663600B73CFA /* NewsController.swift */; };
		D5239F9A2696EF8200B73CFA /* NewsTableCell.swift in Sources */ = {isa = PBXBuildFile; fileRef = D5239F982696EF8200B73CFA /* NewsTableCell.swift */; };
		D5239F9B2696EF8200B73CFA /* NewsTableCell.xib in Resources */ = {isa = PBXBuildFile; fileRef = D5239F992696EF8200B73CFA /* NewsTableCell.xib */; };
		D5317E012684F49900DF120D /* FriendsViewController.swift in Sources */ = {isa = PBXBuildFile; fileRef = D5317E002684F49900DF120D /* FriendsViewController.swift */; };
		D5317E042684F53700DF120D /* UniversalTableCell.swift in Sources */ = {isa = PBXBuildFile; fileRef = D5317E022684F53700DF120D /* UniversalTableCell.swift */; };
		D5317E052684F53700DF120D /* UniversalTableCell.xib in Resources */ = {isa = PBXBuildFile; fileRef = D5317E032684F53700DF120D /* UniversalTableCell.xib */; };
		D5DBFA8B2672800100D1EEC2 /* AppDelegate.swift in Sources */ = {isa = PBXBuildFile; fileRef = D5DBFA8A2672800100D1EEC2 /* AppDelegate.swift */; };
		D5DBFA8D2672800100D1EEC2 /* SceneDelegate.swift in Sources */ = {isa = PBXBuildFile; fileRef = D5DBFA8C2672800100D1EEC2 /* SceneDelegate.swift */; };
		D5DBFA922672800100D1EEC2 /* Main.storyboard in Resources */ = {isa = PBXBuildFile; fileRef = D5DBFA902672800100D1EEC2 /* Main.storyboard */; };
		D5DBFA942672800600D1EEC2 /* Assets.xcassets in Resources */ = {isa = PBXBuildFile; fileRef = D5DBFA932672800600D1EEC2 /* Assets.xcassets */; };
		D5DBFA972672800600D1EEC2 /* LaunchScreen.storyboard in Resources */ = {isa = PBXBuildFile; fileRef = D5DBFA952672800600D1EEC2 /* LaunchScreen.storyboard */; };
		D5DBFAA32672AB7100D1EEC2 /* LoginViewController.swift in Sources */ = {isa = PBXBuildFile; fileRef = D5DBFAA22672AB7100D1EEC2 /* LoginViewController.swift */; };
/* End PBXBuildFile section */

/* Begin PBXFileReference section */
		391A3F1D26BB315700CE0D27 /* Session.swift */ = {isa = PBXFileReference; lastKnownFileType = sourcecode.swift; path = Session.swift; sourceTree = "<group>"; };
		391A3F1F26BB388900CE0D27 /* SessionUIViewController.swift */ = {isa = PBXFileReference; lastKnownFileType = sourcecode.swift; path = SessionUIViewController.swift; sourceTree = "<group>"; };
		D5239F40268A679A00B73CFA /* User.swift */ = {isa = PBXFileReference; lastKnownFileType = sourcecode.swift; path = User.swift; sourceTree = "<group>"; };
		D5239F42268A68DE00B73CFA /* Group.swift */ = {isa = PBXFileReference; lastKnownFileType = sourcecode.swift; path = Group.swift; sourceTree = "<group>"; };
		D5239F44268A69C600B73CFA /* MainTabBarController.swift */ = {isa = PBXFileReference; lastKnownFileType = sourcecode.swift; path = MainTabBarController.swift; sourceTree = "<group>"; };
		D5239F48268A7B0600B73CFA /* PhotoController.swift */ = {isa = PBXFileReference; lastKnownFileType = sourcecode.swift; path = PhotoController.swift; sourceTree = "<group>"; };
		D5239F4A268A7B5B00B73CFA /* PhotoCell.swift */ = {isa = PBXFileReference; lastKnownFileType = sourcecode.swift; path = PhotoCell.swift; sourceTree = "<group>"; };
		D5239F4B268A7B5B00B73CFA /* PhotoCell.xib */ = {isa = PBXFileReference; lastKnownFileType = file.xib; path = PhotoCell.xib; sourceTree = "<group>"; };
		D5239F4E268E5A6300B73CFA /* GroupController.swift */ = {isa = PBXFileReference; lastKnownFileType = sourcecode.swift; path = GroupController.swift; sourceTree = "<group>"; };
		D5239F50268E5E7800B73CFA /* MyGroupsController.swift */ = {isa = PBXFileReference; lastKnownFileType = sourcecode.swift; path = MyGroupsController.swift; sourceTree = "<group>"; };
		D5239F962696663600B73CFA /* NewsController.swift */ = {isa = PBXFileReference; lastKnownFileType = sourcecode.swift; path = NewsController.swift; sourceTree = "<group>"; };
		D5239F982696EF8200B73CFA /* NewsTableCell.swift */ = {isa = PBXFileReference; lastKnownFileType = sourcecode.swift; name = NewsTableCell.swift; path = Vebinar01G5/Cells/NewsTableCell.swift; sourceTree = SOURCE_ROOT; };
		D5239F992696EF8200B73CFA /* NewsTableCell.xib */ = {isa = PBXFileReference; lastKnownFileType = file.xib; name = NewsTableCell.xib; path = Vebinar01G5/Cells/NewsTableCell.xib; sourceTree = SOURCE_ROOT; };
		D5317E002684F49900DF120D /* FriendsViewController.swift */ = {isa = PBXFileReference; lastKnownFileType = sourcecode.swift; path = FriendsViewController.swift; sourceTree = "<group>"; };
		D5317E022684F53700DF120D /* UniversalTableCell.swift */ = {isa = PBXFileReference; lastKnownFileType = sourcecode.swift; path = UniversalTableCell.swift; sourceTree = "<group>"; };
		D5317E032684F53700DF120D /* UniversalTableCell.xib */ = {isa = PBXFileReference; lastKnownFileType = file.xib; path = UniversalTableCell.xib; sourceTree = "<group>"; };
		D5DBFA872672800100D1EEC2 /* Vebinar01G5.app */ = {isa = PBXFileReference; explicitFileType = wrapper.application; includeInIndex = 0; path = Vebinar01G5.app; sourceTree = BUILT_PRODUCTS_DIR; };
		D5DBFA8A2672800100D1EEC2 /* AppDelegate.swift */ = {isa = PBXFileReference; lastKnownFileType = sourcecode.swift; path = AppDelegate.swift; sourceTree = "<group>"; };
		D5DBFA8C2672800100D1EEC2 /* SceneDelegate.swift */ = {isa = PBXFileReference; lastKnownFileType = sourcecode.swift; path = SceneDelegate.swift; sourceTree = "<group>"; };
		D5DBFA912672800100D1EEC2 /* Base */ = {isa = PBXFileReference; lastKnownFileType = file.storyboard; name = Base; path = Base.lproj/Main.storyboard; sourceTree = "<group>"; };
		D5DBFA932672800600D1EEC2 /* Assets.xcassets */ = {isa = PBXFileReference; lastKnownFileType = folder.assetcatalog; path = Assets.xcassets; sourceTree = "<group>"; };
		D5DBFA962672800600D1EEC2 /* Base */ = {isa = PBXFileReference; lastKnownFileType = file.storyboard; name = Base; path = Base.lproj/LaunchScreen.storyboard; sourceTree = "<group>"; };
		D5DBFA982672800600D1EEC2 /* Info.plist */ = {isa = PBXFileReference; lastKnownFileType = text.plist.xml; path = Info.plist; sourceTree = "<group>"; };
		D5DBFAA22672AB7100D1EEC2 /* LoginViewController.swift */ = {isa = PBXFileReference; lastKnownFileType = sourcecode.swift; path = LoginViewController.swift; sourceTree = "<group>"; };
/* End PBXFileReference section */

/* Begin PBXFrameworksBuildPhase section */
		D5DBFA842672800100D1EEC2 /* Frameworks */ = {
			isa = PBXFrameworksBuildPhase;
			buildActionMask = 2147483647;
			files = (
			);
			runOnlyForDeploymentPostprocessing = 0;
		};
/* End PBXFrameworksBuildPhase section */

/* Begin PBXGroup section */
		D5239F3F268A677B00B73CFA /* Model */ = {
			isa = PBXGroup;
			children = (
				D5239F40268A679A00B73CFA /* User.swift */,
				D5239F42268A68DE00B73CFA /* Group.swift */,
				391A3F1D26BB315700CE0D27 /* Session.swift */,
			);
			path = Model;
			sourceTree = "<group>";
		};
		D5239F46268A7A3E00B73CFA /* Controllers */ = {
			isa = PBXGroup;
			children = (
				D5317E002684F49900DF120D /* FriendsViewController.swift */,
				D5DBFAA22672AB7100D1EEC2 /* LoginViewController.swift */,
				D5239F48268A7B0600B73CFA /* PhotoController.swift */,
				D5239F44268A69C600B73CFA /* MainTabBarController.swift */,
				D5239F4E268E5A6300B73CFA /* GroupController.swift */,
				D5239F50268E5E7800B73CFA /* MyGroupsController.swift */,
				D5239F962696663600B73CFA /* NewsController.swift */,
				391A3F1F26BB388900CE0D27 /* SessionUIViewController.swift */,
			);
			path = Controllers;
			sourceTree = "<group>";
		};
		D5239F47268A7AA000B73CFA /* Cells */ = {
			isa = PBXGroup;
			children = (
				D5317E022684F53700DF120D /* UniversalTableCell.swift */,
				D5317E032684F53700DF120D /* UniversalTableCell.xib */,
				D5239F4A268A7B5B00B73CFA /* PhotoCell.swift */,
				D5239F4B268A7B5B00B73CFA /* PhotoCell.xib */,
				D5239F982696EF8200B73CFA /* NewsTableCell.swift */,
				D5239F992696EF8200B73CFA /* NewsTableCell.xib */,
			);
			path = Cells;
			sourceTree = "<group>";
		};
		D5DBFA7E2672800100D1EEC2 = {
			isa = PBXGroup;
			children = (
				D5DBFA892672800100D1EEC2 /* Vebinar01G5 */,
				D5DBFA882672800100D1EEC2 /* Products */,
			);
			sourceTree = "<group>";
		};
		D5DBFA882672800100D1EEC2 /* Products */ = {
			isa = PBXGroup;
			children = (
				D5DBFA872672800100D1EEC2 /* Vebinar01G5.app */,
			);
			name = Products;
			sourceTree = "<group>";
		};
		D5DBFA892672800100D1EEC2 /* Vebinar01G5 */ = {
			isa = PBXGroup;
			children = (
				D5239F3F268A677B00B73CFA /* Model */,
				D5239F46268A7A3E00B73CFA /* Controllers */,
				D5239F47268A7AA000B73CFA /* Cells */,
				D5DBFA902672800100D1EEC2 /* Main.storyboard */,
				D5DBFA932672800600D1EEC2 /* Assets.xcassets */,
				D5DBFA8C2672800100D1EEC2 /* SceneDelegate.swift */,
				D5DBFA8A2672800100D1EEC2 /* AppDelegate.swift */,
				D5DBFA952672800600D1EEC2 /* LaunchScreen.storyboard */,
				D5DBFA982672800600D1EEC2 /* Info.plist */,
			);
			path = Vebinar01G5;
			sourceTree = "<group>";
		};
/* End PBXGroup section */

/* Begin PBXNativeTarget section */
		D5DBFA862672800100D1EEC2 /* Vebinar01G5 */ = {
			isa = PBXNativeTarget;
			buildConfigurationList = D5DBFA9B2672800600D1EEC2 /* Build configuration list for PBXNativeTarget "Vebinar01G5" */;
			buildPhases = (
				D5DBFA832672800100D1EEC2 /* Sources */,
				D5DBFA842672800100D1EEC2 /* Frameworks */,
				D5DBFA852672800100D1EEC2 /* Resources */,
			);
			buildRules = (
			);
			dependencies = (
			);
			name = Vebinar01G5;
			productName = Vebinar01G5;
			productReference = D5DBFA872672800100D1EEC2 /* Vebinar01G5.app */;
			productType = "com.apple.product-type.application";
		};
/* End PBXNativeTarget section */

/* Begin PBXProject section */
		D5DBFA7F2672800100D1EEC2 /* Project object */ = {
			isa = PBXProject;
			attributes = {
				LastSwiftUpdateCheck = 1250;
				LastUpgradeCheck = 1250;
				TargetAttributes = {
					D5DBFA862672800100D1EEC2 = {
						CreatedOnToolsVersion = 12.5;
					};
				};
			};
			buildConfigurationList = D5DBFA822672800100D1EEC2 /* Build configuration list for PBXProject "Vebinar01G5" */;
			compatibilityVersion = "Xcode 9.3";
			developmentRegion = en;
			hasScannedForEncodings = 0;
			knownRegions = (
				en,
				Base,
			);
			mainGroup = D5DBFA7E2672800100D1EEC2;
			productRefGroup = D5DBFA882672800100D1EEC2 /* Products */;
			projectDirPath = "";
			projectRoot = "";
			targets = (
				D5DBFA862672800100D1EEC2 /* Vebinar01G5 */,
			);
		};
/* End PBXProject section */

/* Begin PBXResourcesBuildPhase section */
		D5DBFA852672800100D1EEC2 /* Resources */ = {
			isa = PBXResourcesBuildPhase;
			buildActionMask = 2147483647;
			files = (
				D5317E052684F53700DF120D /* UniversalTableCell.xib in Resources */,
				D5DBFA972672800600D1EEC2 /* LaunchScreen.storyboard in Resources */,
				D5DBFA942672800600D1EEC2 /* Assets.xcassets in Resources */,
				D5DBFA922672800100D1EEC2 /* Main.storyboard in Resources */,
				D5239F4D268A7B5B00B73CFA /* PhotoCell.xib in Resources */,
				D5239F9B2696EF8200B73CFA /* NewsTableCell.xib in Resources */,
			);
			runOnlyForDeploymentPostprocessing = 0;
		};
/* End PBXResourcesBuildPhase section */

/* Begin PBXSourcesBuildPhase section */
		D5DBFA832672800100D1EEC2 /* Sources */ = {
			isa = PBXSourcesBuildPhase;
			buildActionMask = 2147483647;
			files = (
				D5239F972696663600B73CFA /* NewsController.swift in Sources */,
				D5239F4F268E5A6300B73CFA /* GroupController.swift in Sources */,
				D5239F51268E5E7800B73CFA /* MyGroupsController.swift in Sources */,
				D5239F43268A68DE00B73CFA /* Group.swift in Sources */,
				D5317E042684F53700DF120D /* UniversalTableCell.swift in Sources */,
				391A3F1E26BB315700CE0D27 /* Session.swift in Sources */,
				D5239F45268A69C600B73CFA /* MainTabBarController.swift in Sources */,
				D5239F49268A7B0600B73CFA /* PhotoController.swift in Sources */,
				D5317E012684F49900DF120D /* FriendsViewController.swift in Sources */,
				391A3F2026BB388900CE0D27 /* SessionUIViewController.swift in Sources */,
				D5239F41268A679A00B73CFA /* User.swift in Sources */,
				D5239F4C268A7B5B00B73CFA /* PhotoCell.swift in Sources */,
				D5DBFAA32672AB7100D1EEC2 /* LoginViewController.swift in Sources */,
				D5239F9A2696EF8200B73CFA /* NewsTableCell.swift in Sources */,
				D5DBFA8B2672800100D1EEC2 /* AppDelegate.swift in Sources */,
				D5DBFA8D2672800100D1EEC2 /* SceneDelegate.swift in Sources */,
			);
			runOnlyForDeploymentPostprocessing = 0;
		};
/* End PBXSourcesBuildPhase section */

/* Begin PBXVariantGroup section */
		D5DBFA902672800100D1EEC2 /* Main.storyboard */ = {
			isa = PBXVariantGroup;
			children = (
				D5DBFA912672800100D1EEC2 /* Base */,
			);
			name = Main.storyboard;
			sourceTree = "<group>";
		};
		D5DBFA952672800600D1EEC2 /* LaunchScreen.storyboard */ = {
			isa = PBXVariantGroup;
			children = (
				D5DBFA962672800600D1EEC2 /* Base */,
			);
			name = LaunchScreen.storyboard;
			sourceTree = "<group>";
		};
/* End PBXVariantGroup section */

/* Begin XCBuildConfiguration section */
		D5DBFA992672800600D1EEC2 /* Debug */ = {
			isa = XCBuildConfiguration;
			buildSettings = {
				ALWAYS_SEARCH_USER_PATHS = NO;
				CLANG_ANALYZER_NONNULL = YES;
				CLANG_ANALYZER_NUMBER_OBJECT_CONVERSION = YES_AGGRESSIVE;
				CLANG_CXX_LANGUAGE_STANDARD = "gnu++14";
				CLANG_CXX_LIBRARY = "libc++";
				CLANG_ENABLE_MODULES = YES;
				CLANG_ENABLE_OBJC_ARC = YES;
				CLANG_ENABLE_OBJC_WEAK = YES;
				CLANG_WARN_BLOCK_CAPTURE_AUTORELEASING = YES;
				CLANG_WARN_BOOL_CONVERSION = YES;
				CLANG_WARN_COMMA = YES;
				CLANG_WARN_CONSTANT_CONVERSION = YES;
				CLANG_WARN_DEPRECATED_OBJC_IMPLEMENTATIONS = YES;
				CLANG_WARN_DIRECT_OBJC_ISA_USAGE = YES_ERROR;
				CLANG_WARN_DOCUMENTATION_COMMENTS = YES;
				CLANG_WARN_EMPTY_BODY = YES;
				CLANG_WARN_ENUM_CONVERSION = YES;
				CLANG_WARN_INFINITE_RECURSION = YES;
				CLANG_WARN_INT_CONVERSION = YES;
				CLANG_WARN_NON_LITERAL_NULL_CONVERSION = YES;
				CLANG_WARN_OBJC_IMPLICIT_RETAIN_SELF = YES;
				CLANG_WARN_OBJC_LITERAL_CONVERSION = YES;
				CLANG_WARN_OBJC_ROOT_CLASS = YES_ERROR;
				CLANG_WARN_QUOTED_INCLUDE_IN_FRAMEWORK_HEADER = YES;
				CLANG_WARN_RANGE_LOOP_ANALYSIS = YES;
				CLANG_WARN_STRICT_PROTOTYPES = YES;
				CLANG_WARN_SUSPICIOUS_MOVE = YES;
				CLANG_WARN_UNGUARDED_AVAILABILITY = YES_AGGRESSIVE;
				CLANG_WARN_UNREACHABLE_CODE = YES;
				CLANG_WARN__DUPLICATE_METHOD_MATCH = YES;
				COPY_PHASE_STRIP = NO;
				DEBUG_INFORMATION_FORMAT = dwarf;
				ENABLE_STRICT_OBJC_MSGSEND = YES;
				ENABLE_TESTABILITY = YES;
				GCC_C_LANGUAGE_STANDARD = gnu11;
				GCC_DYNAMIC_NO_PIC = NO;
				GCC_NO_COMMON_BLOCKS = YES;
				GCC_OPTIMIZATION_LEVEL = 0;
				GCC_PREPROCESSOR_DEFINITIONS = (
					"DEBUG=1",
					"$(inherited)",
				);
				GCC_WARN_64_TO_32_BIT_CONVERSION = YES;
				GCC_WARN_ABOUT_RETURN_TYPE = YES_ERROR;
				GCC_WARN_UNDECLARED_SELECTOR = YES;
				GCC_WARN_UNINITIALIZED_AUTOS = YES_AGGRESSIVE;
				GCC_WARN_UNUSED_FUNCTION = YES;
				GCC_WARN_UNUSED_VARIABLE = YES;
				IPHONEOS_DEPLOYMENT_TARGET = 14.5;
				MTL_ENABLE_DEBUG_INFO = INCLUDE_SOURCE;
				MTL_FAST_MATH = YES;
				ONLY_ACTIVE_ARCH = YES;
				SDKROOT = iphoneos;
				SWIFT_ACTIVE_COMPILATION_CONDITIONS = DEBUG;
				SWIFT_OPTIMIZATION_LEVEL = "-Onone";
			};
			name = Debug;
		};
		D5DBFA9A2672800600D1EEC2 /* Release */ = {
			isa = XCBuildConfiguration;
			buildSettings = {
				ALWAYS_SEARCH_USER_PATHS = NO;
				CLANG_ANALYZER_NONNULL = YES;
				CLANG_ANALYZER_NUMBER_OBJECT_CONVERSION = YES_AGGRESSIVE;
				CLANG_CXX_LANGUAGE_STANDARD = "gnu++14";
				CLANG_CXX_LIBRARY = "libc++";
				CLANG_ENABLE_MODULES = YES;
				CLANG_ENABLE_OBJC_ARC = YES;
				CLANG_ENABLE_OBJC_WEAK = YES;
				CLANG_WARN_BLOCK_CAPTURE_AUTORELEASING = YES;
				CLANG_WARN_BOOL_CONVERSION = YES;
				CLANG_WARN_COMMA = YES;
				CLANG_WARN_CONSTANT_CONVERSION = YES;
				CLANG_WARN_DEPRECATED_OBJC_IMPLEMENTATIONS = YES;
				CLANG_WARN_DIRECT_OBJC_ISA_USAGE = YES_ERROR;
				CLANG_WARN_DOCUMENTATION_COMMENTS = YES;
				CLANG_WARN_EMPTY_BODY = YES;
				CLANG_WARN_ENUM_CONVERSION = YES;
				CLANG_WARN_INFINITE_RECURSION = YES;
				CLANG_WARN_INT_CONVERSION = YES;
				CLANG_WARN_NON_LITERAL_NULL_CONVERSION = YES;
				CLANG_WARN_OBJC_IMPLICIT_RETAIN_SELF = YES;
				CLANG_WARN_OBJC_LITERAL_CONVERSION = YES;
				CLANG_WARN_OBJC_ROOT_CLASS = YES_ERROR;
				CLANG_WARN_QUOTED_INCLUDE_IN_FRAMEWORK_HEADER = YES;
				CLANG_WARN_RANGE_LOOP_ANALYSIS = YES;
				CLANG_WARN_STRICT_PROTOTYPES = YES;
				CLANG_WARN_SUSPICIOUS_MOVE = YES;
				CLANG_WARN_UNGUARDED_AVAILABILITY = YES_AGGRESSIVE;
				CLANG_WARN_UNREACHABLE_CODE = YES;
				CLANG_WARN__DUPLICATE_METHOD_MATCH = YES;
				COPY_PHASE_STRIP = NO;
				DEBUG_INFORMATION_FORMAT = "dwarf-with-dsym";
				ENABLE_NS_ASSERTIONS = NO;
				ENABLE_STRICT_OBJC_MSGSEND = YES;
				GCC_C_LANGUAGE_STANDARD = gnu11;
				GCC_NO_COMMON_BLOCKS = YES;
				GCC_WARN_64_TO_32_BIT_CONVERSION = YES;
				GCC_WARN_ABOUT_RETURN_TYPE = YES_ERROR;
				GCC_WARN_UNDECLARED_SELECTOR = YES;
				GCC_WARN_UNINITIALIZED_AUTOS = YES_AGGRESSIVE;
				GCC_WARN_UNUSED_FUNCTION = YES;
				GCC_WARN_UNUSED_VARIABLE = YES;
				IPHONEOS_DEPLOYMENT_TARGET = 14.5;
				MTL_ENABLE_DEBUG_INFO = NO;
				MTL_FAST_MATH = YES;
				SDKROOT = iphoneos;
				SWIFT_COMPILATION_MODE = wholemodule;
				SWIFT_OPTIMIZATION_LEVEL = "-O";
				VALIDATE_PRODUCT = YES;
			};
			name = Release;
		};
		D5DBFA9C2672800600D1EEC2 /* Debug */ = {
			isa = XCBuildConfiguration;
			buildSettings = {
				ASSETCATALOG_COMPILER_APPICON_NAME = AppIcon;
				ASSETCATALOG_COMPILER_GLOBAL_ACCENT_COLOR_NAME = AccentColor;
				CODE_SIGN_STYLE = Automatic;
				DEVELOPMENT_TEAM = 4ASSJS6XBQ;
				INFOPLIST_FILE = Vebinar01G5/Info.plist;
				LD_RUNPATH_SEARCH_PATHS = (
					"$(inherited)",
					"@executable_path/Frameworks",
				);
				PRODUCT_BUNDLE_IDENTIFIER = HZ4ever.Vebinar01G5;
				PRODUCT_NAME = "$(TARGET_NAME)";
				SWIFT_VERSION = 5.0;
				TARGETED_DEVICE_FAMILY = "1,2";
			};
			name = Debug;
		};
		D5DBFA9D2672800600D1EEC2 /* Release */ = {
			isa = XCBuildConfiguration;
			buildSettings = {
				ASSETCATALOG_COMPILER_APPICON_NAME = AppIcon;
				ASSETCATALOG_COMPILER_GLOBAL_ACCENT_COLOR_NAME = AccentColor;
				CODE_SIGN_STYLE = Automatic;
				DEVELOPMENT_TEAM = 4ASSJS6XBQ;
				INFOPLIST_FILE = Vebinar01G5/Info.plist;
				LD_RUNPATH_SEARCH_PATHS = (
					"$(inherited)",
					"@executable_path/Frameworks",
				);
				PRODUCT_BUNDLE_IDENTIFIER = HZ4ever.Vebinar01G5;
				PRODUCT_NAME = "$(TARGET_NAME)";
				SWIFT_VERSION = 5.0;
				TARGETED_DEVICE_FAMILY = "1,2";
			};
			name = Release;
		};
/* End XCBuildConfiguration section */

/* Begin XCConfigurationList section */
		D5DBFA822672800100D1EEC2 /* Build configuration list for PBXProject "Vebinar01G5" */ = {
			isa = XCConfigurationList;
			buildConfigurations = (
				D5DBFA992672800600D1EEC2 /* Debug */,
				D5DBFA9A2672800600D1EEC2 /* Release */,
			);
			defaultConfigurationIsVisible = 0;
			defaultConfigurationName = Release;
		};
		D5DBFA9B2672800600D1EEC2 /* Build configuration list for PBXNativeTarget "Vebinar01G5" */ = {
			isa = XCConfigurationList;
			buildConfigurations = (
				D5DBFA9C2672800600D1EEC2 /* Debug */,
				D5DBFA9D2672800600D1EEC2 /* Release */,
			);
			defaultConfigurationIsVisible = 0;
			defaultConfigurationName = Release;
		};
/* End XCConfigurationList section */
	};
	rootObject = D5DBFA7F2672800100D1EEC2 /* Project object */;
}
